// !$*UTF8*$!
{
	archiveVersion = 1;
	classes = {
	};
	objectVersion = 46;
	objects = {

/* Begin PBXBuildFile section */
		2047ECE61AC767BF00B480B2 /* AppDelegate.swift in Sources */ = {isa = PBXBuildFile; fileRef = 2047ECE51AC767BF00B480B2 /* AppDelegate.swift */; };
		2047ECE81AC767BF00B480B2 /* ViewController.swift in Sources */ = {isa = PBXBuildFile; fileRef = 2047ECE71AC767BF00B480B2 /* ViewController.swift */; };
		2047ECEB1AC767BF00B480B2 /* Main.storyboard in Resources */ = {isa = PBXBuildFile; fileRef = 2047ECE91AC767BF00B480B2 /* Main.storyboard */; };
		2047ECED1AC767BF00B480B2 /* Images.xcassets in Resources */ = {isa = PBXBuildFile; fileRef = 2047ECEC1AC767BF00B480B2 /* Images.xcassets */; };
		2047ECF01AC767BF00B480B2 /* LaunchScreen.xib in Resources */ = {isa = PBXBuildFile; fileRef = 2047ECEE1AC767BF00B480B2 /* LaunchScreen.xib */; };
		2047ECFC1AC767BF00B480B2 /* Example_AppTests.swift in Sources */ = {isa = PBXBuildFile; fileRef = 2047ECFB1AC767BF00B480B2 /* Example_AppTests.swift */; };
/* End PBXBuildFile section */

/* Begin PBXContainerItemProxy section */
		2047ECF61AC767BF00B480B2 /* PBXContainerItemProxy */ = {
			isa = PBXContainerItemProxy;
			containerPortal = 2047ECD81AC767BF00B480B2 /* Project object */;
			proxyType = 1;
			remoteGlobalIDString = 2047ECDF1AC767BF00B480B2;
			remoteInfo = "Example App";
		};
/* End PBXContainerItemProxy section */

/* Begin PBXFileReference section */
		2047ECE01AC767BF00B480B2 /* Example App.app */ = {isa = PBXFileReference; explicitFileType = wrapper.application; includeInIndex = 0; path = "Example App.app"; sourceTree = BUILT_PRODUCTS_DIR; };
		2047ECE41AC767BF00B480B2 /* Info.plist */ = {isa = PBXFileReference; lastKnownFileType = text.plist.xml; path = Info.plist; sourceTree = "<group>"; };
		2047ECE51AC767BF00B480B2 /* AppDelegate.swift */ = {isa = PBXFileReference; lastKnownFileType = sourcecode.swift; path = AppDelegate.swift; sourceTree = "<group>"; };
		2047ECE71AC767BF00B480B2 /* ViewController.swift */ = {isa = PBXFileReference; lastKnownFileType = sourcecode.swift; path = ViewController.swift; sourceTree = "<group>"; };
		2047ECEA1AC767BF00B480B2 /* Base */ = {isa = PBXFileReference; lastKnownFileType = file.storyboard; name = Base; path = Base.lproj/Main.storyboard; sourceTree = "<group>"; };
		2047ECEC1AC767BF00B480B2 /* Images.xcassets */ = {isa = PBXFileReference; lastKnownFileType = folder.assetcatalog; path = Images.xcassets; sourceTree = "<group>"; };
		2047ECEF1AC767BF00B480B2 /* Base */ = {isa = PBXFileReference; lastKnownFileType = file.xib; name = Base; path = Base.lproj/LaunchScreen.xib; sourceTree = "<group>"; };
		2047ECF51AC767BF00B480B2 /* Example AppTests.xctest */ = {isa = PBXFileReference; explicitFileType = wrapper.cfbundle; includeInIndex = 0; path = "Example AppTests.xctest"; sourceTree = BUILT_PRODUCTS_DIR; };
		2047ECFA1AC767BF00B480B2 /* Info.plist */ = {isa = PBXFileReference; lastKnownFileType = text.plist.xml; path = Info.plist; sourceTree = "<group>"; };
		2047ECFB1AC767BF00B480B2 /* Example_AppTests.swift */ = {isa = PBXFileReference; lastKnownFileType = sourcecode.swift; path = Example_AppTests.swift; sourceTree = "<group>"; };
/* End PBXFileReference section */

/* Begin PBXFrameworksBuildPhase section */
		2047ECDD1AC767BF00B480B2 /* Frameworks */ = {
			isa = PBXFrameworksBuildPhase;
			buildActionMask = 2147483647;
			files = (
			);
			runOnlyForDeploymentPostprocessing = 0;
		};
		2047ECF21AC767BF00B480B2 /* Frameworks */ = {
			isa = PBXFrameworksBuildPhase;
			buildActionMask = 2147483647;
			files = (
			);
			runOnlyForDeploymentPostprocessing = 0;
		};
/* End PBXFrameworksBuildPhase section */

/* Begin PBXGroup section */
		2047ECD71AC767BF00B480B2 = {
			isa = PBXGroup;
			children = (
				2047ECE21AC767BF00B480B2 /* Example App */,
				2047ECF81AC767BF00B480B2 /* Example AppTests */,
				2047ECE11AC767BF00B480B2 /* Products */,
			);
			sourceTree = "<group>";
		};
		2047ECE11AC767BF00B480B2 /* Products */ = {
			isa = PBXGroup;
			children = (
				2047ECE01AC767BF00B480B2 /* Example App.app */,
				2047ECF51AC767BF00B480B2 /* Example AppTests.xctest */,
			);
			name = Products;
			sourceTree = "<group>";
		};
		2047ECE21AC767BF00B480B2 /* Example App */ = {
			isa = PBXGroup;
			children = (
				2047ECE51AC767BF00B480B2 /* AppDelegate.swift */,
				2047ECE71AC767BF00B480B2 /* ViewController.swift */,
				2047ECE91AC767BF00B480B2 /* Main.storyboard */,
				2047ECEC1AC767BF00B480B2 /* Images.xcassets */,
				2047ECEE1AC767BF00B480B2 /* LaunchScreen.xib */,
				2047ECE31AC767BF00B480B2 /* Supporting Files */,
			);
			path = "Example App";
			sourceTree = "<group>";
		};
		2047ECE31AC767BF00B480B2 /* Supporting Files */ = {
			isa = PBXGroup;
			children = (
				2047ECE41AC767BF00B480B2 /* Info.plist */,
			);
			name = "Supporting Files";
			sourceTree = "<group>";
		};
		2047ECF81AC767BF00B480B2 /* Example AppTests */ = {
			isa = PBXGroup;
			children = (
				2047ECFB1AC767BF00B480B2 /* Example_AppTests.swift */,
				2047ECF91AC767BF00B480B2 /* Supporting Files */,
			);
			path = "Example AppTests";
			sourceTree = "<group>";
		};
		2047ECF91AC767BF00B480B2 /* Supporting Files */ = {
			isa = PBXGroup;
			children = (
				2047ECFA1AC767BF00B480B2 /* Info.plist */,
			);
			name = "Supporting Files";
			sourceTree = "<group>";
		};
/* End PBXGroup section */

/* Begin PBXNativeTarget section */
		2047ECDF1AC767BF00B480B2 /* Example App */ = {
			isa = PBXNativeTarget;
			buildConfigurationList = 2047ECFF1AC767BF00B480B2 /* Build configuration list for PBXNativeTarget "Example App" */;
			buildPhases = (
				2047ECDC1AC767BF00B480B2 /* Sources */,
				2047ECDD1AC767BF00B480B2 /* Frameworks */,
				2047ECDE1AC767BF00B480B2 /* Resources */,
			);
			buildRules = (
			);
			dependencies = (
			);
			name = "Example App";
			productName = "Example App";
			productReference = 2047ECE01AC767BF00B480B2 /* Example App.app */;
			productType = "com.apple.product-type.application";
		};
		2047ECF41AC767BF00B480B2 /* Example AppTests */ = {
			isa = PBXNativeTarget;
			buildConfigurationList = 2047ED021AC767BF00B480B2 /* Build configuration list for PBXNativeTarget "Example AppTests" */;
			buildPhases = (
				2047ECF11AC767BF00B480B2 /* Sources */,
				2047ECF21AC767BF00B480B2 /* Frameworks */,
				2047ECF31AC767BF00B480B2 /* Resources */,
			);
			buildRules = (
			);
			dependencies = (
				2047ECF71AC767BF00B480B2 /* PBXTargetDependency */,
			);
			name = "Example AppTests";
			productName = "Example AppTests";
			productReference = 2047ECF51AC767BF00B480B2 /* Example AppTests.xctest */;
			productType = "com.apple.product-type.bundle.unit-test";
		};
/* End PBXNativeTarget section */

/* Begin PBXProject section */
		2047ECD81AC767BF00B480B2 /* Project object */ = {
			isa = PBXProject;
			attributes = {
				LastUpgradeCheck = 0610;
				ORGANIZATIONNAME = ElMetadaor;
				TargetAttributes = {
					2047ECDF1AC767BF00B480B2 = {
						CreatedOnToolsVersion = 6.1.1;
					};
					2047ECF41AC767BF00B480B2 = {
						CreatedOnToolsVersion = 6.1.1;
						TestTargetID = 2047ECDF1AC767BF00B480B2;
					};
				};
			};
			buildConfigurationList = 2047ECDB1AC767BF00B480B2 /* Build configuration list for PBXProject "Example App" */;
			compatibilityVersion = "Xcode 3.2";
			developmentRegion = English;
			hasScannedForEncodings = 0;
			knownRegions = (
				en,
				Base,
			);
			mainGroup = 2047ECD71AC767BF00B480B2;
			productRefGroup = 2047ECE11AC767BF00B480B2 /* Products */;
			projectDirPath = "";
			projectRoot = "";
			targets = (
				2047ECDF1AC767BF00B480B2 /* Example App */,
				2047ECF41AC767BF00B480B2 /* Example AppTests */,
			);
		};
/* End PBXProject section */

/* Begin PBXResourcesBuildPhase section */
		2047ECDE1AC767BF00B480B2 /* Resources */ = {
			isa = PBXResourcesBuildPhase;
			buildActionMask = 2147483647;
			files = (
				2047ECEB1AC767BF00B480B2 /* Main.storyboard in Resources */,
				2047ECF01AC767BF00B480B2 /* LaunchScreen.xib in Resources */,
				2047ECED1AC767BF00B480B2 /* Images.xcassets in Resources */,
			);
			runOnlyForDeploymentPostprocessing = 0;
		};
		2047ECF31AC767BF00B480B2 /* Resources */ = {
			isa = PBXResourcesBuildPhase;
			buildActionMask = 2147483647;
			files = (
			);
			runOnlyForDeploymentPostprocessing = 0;
		};
/* End PBXResourcesBuildPhase section */

/* Begin PBXSourcesBuildPhase section */
		2047ECDC1AC767BF00B480B2 /* Sources */ = {
			isa = PBXSourcesBuildPhase;
			buildActionMask = 2147483647;
			files = (
				2047ECE81AC767BF00B480B2 /* ViewController.swift in Sources */,
				2047ECE61AC767BF00B480B2 /* AppDelegate.swift in Sources */,
			);
			runOnlyForDeploymentPostprocessing = 0;
		};
		2047ECF11AC767BF00B480B2 /* Sources */ = {
			isa = PBXSourcesBuildPhase;
			buildActionMask = 2147483647;
			files = (
				2047ECFC1AC767BF00B480B2 /* Example_AppTests.swift in Sources */,
			);
			runOnlyForDeploymentPostprocessing = 0;
		};
/* End PBXSourcesBuildPhase section */

/* Begin PBXTargetDependency section */
		2047ECF71AC767BF00B480B2 /* PBXTargetDependency */ = {
			isa = PBXTargetDependency;
			target = 2047ECDF1AC767BF00B480B2 /* Example App */;
			targetProxy = 2047ECF61AC767BF00B480B2 /* PBXContainerItemProxy */;
		};
/* End PBXTargetDependency section */

/* Begin PBXVariantGroup section */
		2047ECE91AC767BF00B480B2 /* Main.storyboard */ = {
			isa = PBXVariantGroup;
			children = (
				2047ECEA1AC767BF00B480B2 /* Base */,
			);
			name = Main.storyboard;
			sourceTree = "<group>";
		};
		2047ECEE1AC767BF00B480B2 /* LaunchScreen.xib */ = {
			isa = PBXVariantGroup;
			children = (
				2047ECEF1AC767BF00B480B2 /* Base */,
			);
			name = LaunchScreen.xib;
			sourceTree = "<group>";
		};
/* End PBXVariantGroup section */

/* Begin XCBuildConfiguration section */
		2047ECFD1AC767BF00B480B2 /* Debug */ = {
			isa = XCBuildConfiguration;
			buildSettings = {
				ALWAYS_SEARCH_USER_PATHS = NO;
				CLANG_CXX_LANGUAGE_STANDARD = "gnu++0x";
				CLANG_CXX_LIBRARY = "libc++";
				CLANG_ENABLE_MODULES = YES;
				CLANG_ENABLE_OBJC_ARC = YES;
				CLANG_WARN_BOOL_CONVERSION = YES;
				CLANG_WARN_CONSTANT_CONVERSION = YES;
				CLANG_WARN_DIRECT_OBJC_ISA_USAGE = YES_ERROR;
				CLANG_WARN_EMPTY_BODY = YES;
				CLANG_WARN_ENUM_CONVERSION = YES;
				CLANG_WARN_INT_CONVERSION = YES;
				CLANG_WARN_OBJC_ROOT_CLASS = YES_ERROR;
				CLANG_WARN_UNREACHABLE_CODE = YES;
				CLANG_WARN__DUPLICATE_METHOD_MATCH = YES;
				"CODE_SIGN_IDENTITY[sdk=iphoneos*]" = "iPhone Developer";
				COPY_PHASE_STRIP = NO;
				ENABLE_STRICT_OBJC_MSGSEND = YES;
				GCC_C_LANGUAGE_STANDARD = gnu99;
				GCC_DYNAMIC_NO_PIC = NO;
				GCC_OPTIMIZATION_LEVEL = 0;
				GCC_PREPROCESSOR_DEFINITIONS = (
					"DEBUG=1",
					"$(inherited)",
				);
				GCC_SYMBOLS_PRIVATE_EXTERN = NO;
				GCC_WARN_64_TO_32_BIT_CONVERSION = YES;
				GCC_WARN_ABOUT_RETURN_TYPE = YES_ERROR;
				GCC_WARN_UNDECLARED_SELECTOR = YES;
				GCC_WARN_UNINITIALIZED_AUTOS = YES_AGGRESSIVE;
				GCC_WARN_UNUSED_FUNCTION = YES;
				GCC_WARN_UNUSED_VARIABLE = YES;
				IPHONEOS_DEPLOYMENT_TARGET = 8.1;
				MTL_ENABLE_DEBUG_INFO = YES;
				ONLY_ACTIVE_ARCH = YES;
				SDKROOT = iphoneos;
				SWIFT_OPTIMIZATION_LEVEL = "-Onone";
			};
			name = Debug;
		};
		2047ECFE1AC767BF00B480B2 /* Release */ = {
			isa = XCBuildConfiguration;
			buildSettings = {
				ALWAYS_SEARCH_USER_PATHS = NO;
				CLANG_CXX_LANGUAGE_STANDARD = "gnu++0x";
				CLANG_CXX_LIBRARY = "libc++";
				CLANG_ENABLE_MODULES = YES;
				CLANG_ENABLE_OBJC_ARC = YES;
				CLANG_WARN_BOOL_CONVERSION = YES;
				CLANG_WARN_CONSTANT_CONVERSION = YES;
				CLANG_WARN_DIRECT_OBJC_ISA_USAGE = YES_ERROR;
				CLANG_WARN_EMPTY_BODY = YES;
				CLANG_WARN_ENUM_CONVERSION = YES;
				CLANG_WARN_INT_CONVERSION = YES;
				CLANG_WARN_OBJC_ROOT_CLASS = YES_ERROR;
				CLANG_WARN_UNREACHABLE_CODE = YES;
				CLANG_WARN__DUPLICATE_METHOD_MATCH = YES;
				"CODE_SIGN_IDENTITY[sdk=iphoneos*]" = "iPhone Developer";
				COPY_PHASE_STRIP = YES;
				ENABLE_NS_ASSERTIONS = NO;
				ENABLE_STRICT_OBJC_MSGSEND = YES;
				GCC_C_LANGUAGE_STANDARD = gnu99;
				GCC_WARN_64_TO_32_BIT_CONVERSION = YES;
				GCC_WARN_ABOUT_RETURN_TYPE = YES_ERROR;
				GCC_WARN_UNDECLARED_SELECTOR = YES;
				GCC_WARN_UNINITIALIZED_AUTOS = YES_AGGRESSIVE;
				GCC_WARN_UNUSED_FUNCTION = YES;
				GCC_WARN_UNUSED_VARIABLE = YES;
				IPHONEOS_DEPLOYMENT_TARGET = 8.1;
				MTL_ENABLE_DEBUG_INFO = NO;
				SDKROOT = iphoneos;
				VALIDATE_PRODUCT = YES;
			};
			name = Release;
		};
		2047ED001AC767BF00B480B2 /* Debug */ = {
			isa = XCBuildConfiguration;
			buildSettings = {
				ASSETCATALOG_COMPILER_APPICON_NAME = AppIcon;
				INFOPLIST_FILE = "Example App/Info.plist";
				LD_RUNPATH_SEARCH_PATHS = "$(inherited) @executable_path/Frameworks";
				PRODUCT_NAME = "$(TARGET_NAME)";
			};
			name = Debug;
		};
		2047ED011AC767BF00B480B2 /* Release */ = {
			isa = XCBuildConfiguration;
			buildSettings = {
				ASSETCATALOG_COMPILER_APPICON_NAME = AppIcon;
				INFOPLIST_FILE = "Example App/Info.plist";
				LD_RUNPATH_SEARCH_PATHS = "$(inherited) @executable_path/Frameworks";
				PRODUCT_NAME = "$(TARGET_NAME)";
			};
			name = Release;
		};
		2047ED031AC767BF00B480B2 /* Debug */ = {
			isa = XCBuildConfiguration;
			buildSettings = {
				BUNDLE_LOADER = "$(TEST_HOST)";
				FRAMEWORK_SEARCH_PATHS = (
					"$(SDKROOT)/Developer/Library/Frameworks",
					"$(inherited)",
				);
				GCC_PREPROCESSOR_DEFINITIONS = (
					"DEBUG=1",
					"$(inherited)",
				);
				INFOPLIST_FILE = "Example AppTests/Info.plist";
				LD_RUNPATH_SEARCH_PATHS = "$(inherited) @executable_path/Frameworks @loader_path/Frameworks";
				PRODUCT_NAME = "$(TARGET_NAME)";
				TEST_HOST = "$(BUILT_PRODUCTS_DIR)/Example App.app/Example App";
			};
			name = Debug;
		};
		2047ED041AC767BF00B480B2 /* Release */ = {
			isa = XCBuildConfiguration;
			buildSettings = {
				BUNDLE_LOADER = "$(TEST_HOST)";
				FRAMEWORK_SEARCH_PATHS = (
					"$(SDKROOT)/Developer/Library/Frameworks",
					"$(inherited)",
				);
				INFOPLIST_FILE = "Example AppTests/Info.plist";
				LD_RUNPATH_SEARCH_PATHS = "$(inherited) @executable_path/Frameworks @loader_path/Frameworks";
				PRODUCT_NAME = "$(TARGET_NAME)";
				TEST_HOST = "$(BUILT_PRODUCTS_DIR)/Example App.app/Example App";
			};
			name = Release;
		};
/* End XCBuildConfiguration section */

/* Begin XCConfigurationList section */
		2047ECDB1AC767BF00B480B2 /* Build configuration list for PBXProject "Example App" */ = {
			isa = XCConfigurationList;
			buildConfigurations = (
				2047ECFD1AC767BF00B480B2 /* Debug */,
				2047ECFE1AC767BF00B480B2 /* Release */,
			);
			defaultConfigurationIsVisible = 0;
			defaultConfigurationName = Release;
		};
		2047ECFF1AC767BF00B480B2 /* Build configuration list for PBXNativeTarget "Example App" */ = {
			isa = XCConfigurationList;
			buildConfigurations = (
				2047ED001AC767BF00B480B2 /* Debug */,
				2047ED011AC767BF00B480B2 /* Release */,
			);
			defaultConfigurationIsVisible = 0;
		};
		2047ED021AC767BF00B480B2 /* Build configuration list for PBXNativeTarget "Example AppTests" */ = {
			isa = XCConfigurationList;
			buildConfigurations = (
				2047ED031AC767BF00B480B2 /* Debug */,
				2047ED041AC767BF00B480B2 /* Release */,
			);
			defaultConfigurationIsVisible = 0;
		};
/* End XCConfigurationList section */
	};
	rootObject = 2047ECD81AC767BF00B480B2 /* Project object */;
}
