// !$*UTF8*$!
{
	archiveVersion = 1;
	classes = {
	};
	objectVersion = 46;
	objects = {

/* Begin PBXBuildFile section */
		2047ED141AC8A35A00B480B2 /* AppDelegate.swift in Sources */ = {isa = PBXBuildFile; fileRef = 2047ED131AC8A35A00B480B2 /* AppDelegate.swift */; };
		2047ED161AC8A35A00B480B2 /* ViewController.swift in Sources */ = {isa = PBXBuildFile; fileRef = 2047ED151AC8A35A00B480B2 /* ViewController.swift */; };
		2047ED191AC8A35A00B480B2 /* Main.storyboard in Resources */ = {isa = PBXBuildFile; fileRef = 2047ED171AC8A35A00B480B2 /* Main.storyboard */; };
		2047ED1B1AC8A35A00B480B2 /* Images.xcassets in Resources */ = {isa = PBXBuildFile; fileRef = 2047ED1A1AC8A35A00B480B2 /* Images.xcassets */; };
		2047ED1E1AC8A35A00B480B2 /* LaunchScreen.xib in Resources */ = {isa = PBXBuildFile; fileRef = 2047ED1C1AC8A35A00B480B2 /* LaunchScreen.xib */; };
		2047ED2A1AC8A35A00B480B2 /* Cat_YearsTests.swift in Sources */ = {isa = PBXBuildFile; fileRef = 2047ED291AC8A35A00B480B2 /* Cat_YearsTests.swift */; };
		2047ED341AC8A7D000B480B2 /* cat.jpeg in Resources */ = {isa = PBXBuildFile; fileRef = 2047ED331AC8A7D000B480B2 /* cat.jpeg */; };
/* End PBXBuildFile section */

/* Begin PBXContainerItemProxy section */
		2047ED241AC8A35A00B480B2 /* PBXContainerItemProxy */ = {
			isa = PBXContainerItemProxy;
			containerPortal = 2047ED061AC8A35A00B480B2 /* Project object */;
			proxyType = 1;
			remoteGlobalIDString = 2047ED0D1AC8A35A00B480B2;
			remoteInfo = "Cat Years";
		};
/* End PBXContainerItemProxy section */

/* Begin PBXFileReference section */
		2047ED0E1AC8A35A00B480B2 /* Cat Years.app */ = {isa = PBXFileReference; explicitFileType = wrapper.application; includeInIndex = 0; path = "Cat Years.app"; sourceTree = BUILT_PRODUCTS_DIR; };
		2047ED121AC8A35A00B480B2 /* Info.plist */ = {isa = PBXFileReference; lastKnownFileType = text.plist.xml; path = Info.plist; sourceTree = "<group>"; };
		2047ED131AC8A35A00B480B2 /* AppDelegate.swift */ = {isa = PBXFileReference; lastKnownFileType = sourcecode.swift; path = AppDelegate.swift; sourceTree = "<group>"; };
		2047ED151AC8A35A00B480B2 /* ViewController.swift */ = {isa = PBXFileReference; lastKnownFileType = sourcecode.swift; path = ViewController.swift; sourceTree = "<group>"; };
		2047ED181AC8A35A00B480B2 /* Base */ = {isa = PBXFileReference; lastKnownFileType = file.storyboard; name = Base; path = Base.lproj/Main.storyboard; sourceTree = "<group>"; };
		2047ED1A1AC8A35A00B480B2 /* Images.xcassets */ = {isa = PBXFileReference; lastKnownFileType = folder.assetcatalog; path = Images.xcassets; sourceTree = "<group>"; };
		2047ED1D1AC8A35A00B480B2 /* Base */ = {isa = PBXFileReference; lastKnownFileType = file.xib; name = Base; path = Base.lproj/LaunchScreen.xib; sourceTree = "<group>"; };
		2047ED231AC8A35A00B480B2 /* Cat YearsTests.xctest */ = {isa = PBXFileReference; explicitFileType = wrapper.cfbundle; includeInIndex = 0; path = "Cat YearsTests.xctest"; sourceTree = BUILT_PRODUCTS_DIR; };
		2047ED281AC8A35A00B480B2 /* Info.plist */ = {isa = PBXFileReference; lastKnownFileType = text.plist.xml; path = Info.plist; sourceTree = "<group>"; };
		2047ED291AC8A35A00B480B2 /* Cat_YearsTests.swift */ = {isa = PBXFileReference; lastKnownFileType = sourcecode.swift; path = Cat_YearsTests.swift; sourceTree = "<group>"; };
		2047ED331AC8A7D000B480B2 /* cat.jpeg */ = {isa = PBXFileReference; lastKnownFileType = image.jpeg; name = cat.jpeg; path = ../../../../Downloads/cat.jpeg; sourceTree = "<group>"; };
/* End PBXFileReference section */

/* Begin PBXFrameworksBuildPhase section */
		2047ED0B1AC8A35A00B480B2 /* Frameworks */ = {
			isa = PBXFrameworksBuildPhase;
			buildActionMask = 2147483647;
			files = (
			);
			runOnlyForDeploymentPostprocessing = 0;
		};
		2047ED201AC8A35A00B480B2 /* Frameworks */ = {
			isa = PBXFrameworksBuildPhase;
			buildActionMask = 2147483647;
			files = (
			);
			runOnlyForDeploymentPostprocessing = 0;
		};
/* End PBXFrameworksBuildPhase section */

/* Begin PBXGroup section */
		2047ED051AC8A35A00B480B2 = {
			isa = PBXGroup;
			children = (
				2047ED101AC8A35A00B480B2 /* Cat Years */,
				2047ED261AC8A35A00B480B2 /* Cat YearsTests */,
				2047ED0F1AC8A35A00B480B2 /* Products */,
			);
			sourceTree = "<group>";
		};
		2047ED0F1AC8A35A00B480B2 /* Products */ = {
			isa = PBXGroup;
			children = (
				2047ED0E1AC8A35A00B480B2 /* Cat Years.app */,
				2047ED231AC8A35A00B480B2 /* Cat YearsTests.xctest */,
			);
			name = Products;
			sourceTree = "<group>";
		};
		2047ED101AC8A35A00B480B2 /* Cat Years */ = {
			isa = PBXGroup;
			children = (
				2047ED331AC8A7D000B480B2 /* cat.jpeg */,
				2047ED131AC8A35A00B480B2 /* AppDelegate.swift */,
				2047ED151AC8A35A00B480B2 /* ViewController.swift */,
				2047ED171AC8A35A00B480B2 /* Main.storyboard */,
				2047ED1A1AC8A35A00B480B2 /* Images.xcassets */,
				2047ED1C1AC8A35A00B480B2 /* LaunchScreen.xib */,
				2047ED111AC8A35A00B480B2 /* Supporting Files */,
			);
			path = "Cat Years";
			sourceTree = "<group>";
		};
		2047ED111AC8A35A00B480B2 /* Supporting Files */ = {
			isa = PBXGroup;
			children = (
				2047ED121AC8A35A00B480B2 /* Info.plist */,
			);
			name = "Supporting Files";
			sourceTree = "<group>";
		};
		2047ED261AC8A35A00B480B2 /* Cat YearsTests */ = {
			isa = PBXGroup;
			children = (
				2047ED291AC8A35A00B480B2 /* Cat_YearsTests.swift */,
				2047ED271AC8A35A00B480B2 /* Supporting Files */,
			);
			path = "Cat YearsTests";
			sourceTree = "<group>";
		};
		2047ED271AC8A35A00B480B2 /* Supporting Files */ = {
			isa = PBXGroup;
			children = (
				2047ED281AC8A35A00B480B2 /* Info.plist */,
			);
			name = "Supporting Files";
			sourceTree = "<group>";
		};
/* End PBXGroup section */

/* Begin PBXNativeTarget section */
		2047ED0D1AC8A35A00B480B2 /* Cat Years */ = {
			isa = PBXNativeTarget;
			buildConfigurationList = 2047ED2D1AC8A35A00B480B2 /* Build configuration list for PBXNativeTarget "Cat Years" */;
			buildPhases = (
				2047ED0A1AC8A35A00B480B2 /* Sources */,
				2047ED0B1AC8A35A00B480B2 /* Frameworks */,
				2047ED0C1AC8A35A00B480B2 /* Resources */,
			);
			buildRules = (
			);
			dependencies = (
			);
			name = "Cat Years";
			productName = "Cat Years";
			productReference = 2047ED0E1AC8A35A00B480B2 /* Cat Years.app */;
			productType = "com.apple.product-type.application";
		};
		2047ED221AC8A35A00B480B2 /* Cat YearsTests */ = {
			isa = PBXNativeTarget;
			buildConfigurationList = 2047ED301AC8A35A00B480B2 /* Build configuration list for PBXNativeTarget "Cat YearsTests" */;
			buildPhases = (
				2047ED1F1AC8A35A00B480B2 /* Sources */,
				2047ED201AC8A35A00B480B2 /* Frameworks */,
				2047ED211AC8A35A00B480B2 /* Resources */,
			);
			buildRules = (
			);
			dependencies = (
				2047ED251AC8A35A00B480B2 /* PBXTargetDependency */,
			);
			name = "Cat YearsTests";
			productName = "Cat YearsTests";
			productReference = 2047ED231AC8A35A00B480B2 /* Cat YearsTests.xctest */;
			productType = "com.apple.product-type.bundle.unit-test";
		};
/* End PBXNativeTarget section */

/* Begin PBXProject section */
		2047ED061AC8A35A00B480B2 /* Project object */ = {
			isa = PBXProject;
			attributes = {
				LastUpgradeCheck = 0610;
				ORGANIZATIONNAME = ElMetadaor;
				TargetAttributes = {
					2047ED0D1AC8A35A00B480B2 = {
						CreatedOnToolsVersion = 6.1.1;
					};
					2047ED221AC8A35A00B480B2 = {
						CreatedOnToolsVersion = 6.1.1;
						TestTargetID = 2047ED0D1AC8A35A00B480B2;
					};
				};
			};
			buildConfigurationList = 2047ED091AC8A35A00B480B2 /* Build configuration list for PBXProject "Cat Years" */;
			compatibilityVersion = "Xcode 3.2";
			developmentRegion = English;
			hasScannedForEncodings = 0;
			knownRegions = (
				en,
				Base,
			);
			mainGroup = 2047ED051AC8A35A00B480B2;
			productRefGroup = 2047ED0F1AC8A35A00B480B2 /* Products */;
			projectDirPath = "";
			projectRoot = "";
			targets = (
				2047ED0D1AC8A35A00B480B2 /* Cat Years */,
				2047ED221AC8A35A00B480B2 /* Cat YearsTests */,
			);
		};
/* End PBXProject section */

/* Begin PBXResourcesBuildPhase section */
		2047ED0C1AC8A35A00B480B2 /* Resources */ = {
			isa = PBXResourcesBuildPhase;
			buildActionMask = 2147483647;
			files = (
				2047ED341AC8A7D000B480B2 /* cat.jpeg in Resources */,
				2047ED191AC8A35A00B480B2 /* Main.storyboard in Resources */,
				2047ED1E1AC8A35A00B480B2 /* LaunchScreen.xib in Resources */,
				2047ED1B1AC8A35A00B480B2 /* Images.xcassets in Resources */,
			);
			runOnlyForDeploymentPostprocessing = 0;
		};
		2047ED211AC8A35A00B480B2 /* Resources */ = {
			isa = PBXResourcesBuildPhase;
			buildActionMask = 2147483647;
			files = (
			);
			runOnlyForDeploymentPostprocessing = 0;
		};
/* End PBXResourcesBuildPhase section */

/* Begin PBXSourcesBuildPhase section */
		2047ED0A1AC8A35A00B480B2 /* Sources */ = {
			isa = PBXSourcesBuildPhase;
			buildActionMask = 2147483647;
			files = (
				2047ED161AC8A35A00B480B2 /* ViewController.swift in Sources */,
				2047ED141AC8A35A00B480B2 /* AppDelegate.swift in Sources */,
			);
			runOnlyForDeploymentPostprocessing = 0;
		};
		2047ED1F1AC8A35A00B480B2 /* Sources */ = {
			isa = PBXSourcesBuildPhase;
			buildActionMask = 2147483647;
			files = (
				2047ED2A1AC8A35A00B480B2 /* Cat_YearsTests.swift in Sources */,
			);
			runOnlyForDeploymentPostprocessing = 0;
		};
/* End PBXSourcesBuildPhase section */

/* Begin PBXTargetDependency section */
		2047ED251AC8A35A00B480B2 /* PBXTargetDependency */ = {
			isa = PBXTargetDependency;
			target = 2047ED0D1AC8A35A00B480B2 /* Cat Years */;
			targetProxy = 2047ED241AC8A35A00B480B2 /* PBXContainerItemProxy */;
		};
/* End PBXTargetDependency section */

/* Begin PBXVariantGroup section */
		2047ED171AC8A35A00B480B2 /* Main.storyboard */ = {
			isa = PBXVariantGroup;
			children = (
				2047ED181AC8A35A00B480B2 /* Base */,
			);
			name = Main.storyboard;
			sourceTree = "<group>";
		};
		2047ED1C1AC8A35A00B480B2 /* LaunchScreen.xib */ = {
			isa = PBXVariantGroup;
			children = (
				2047ED1D1AC8A35A00B480B2 /* Base */,
			);
			name = LaunchScreen.xib;
			sourceTree = "<group>";
		};
/* End PBXVariantGroup section */

/* Begin XCBuildConfiguration section */
		2047ED2B1AC8A35A00B480B2 /* Debug */ = {
			isa = XCBuildConfiguration;
			buildSettings = {
				ALWAYS_SEARCH_USER_PATHS = NO;
				CLANG_CXX_LANGUAGE_STANDARD = "gnu++0x";
				CLANG_CXX_LIBRARY = "libc++";
				CLANG_ENABLE_MODULES = YES;
				CLANG_ENABLE_OBJC_ARC = YES;
				CLANG_WARN_BOOL_CONVERSION = YES;
				CLANG_WARN_CONSTANT_CONVERSION = YES;
				CLANG_WARN_DIRECT_OBJC_ISA_USAGE = YES_ERROR;
				CLANG_WARN_EMPTY_BODY = YES;
				CLANG_WARN_ENUM_CONVERSION = YES;
				CLANG_WARN_INT_CONVERSION = YES;
				CLANG_WARN_OBJC_ROOT_CLASS = YES_ERROR;
				CLANG_WARN_UNREACHABLE_CODE = YES;
				CLANG_WARN__DUPLICATE_METHOD_MATCH = YES;
				"CODE_SIGN_IDENTITY[sdk=iphoneos*]" = "iPhone Developer";
				COPY_PHASE_STRIP = NO;
				ENABLE_STRICT_OBJC_MSGSEND = YES;
				GCC_C_LANGUAGE_STANDARD = gnu99;
				GCC_DYNAMIC_NO_PIC = NO;
				GCC_OPTIMIZATION_LEVEL = 0;
				GCC_PREPROCESSOR_DEFINITIONS = (
					"DEBUG=1",
					"$(inherited)",
				);
				GCC_SYMBOLS_PRIVATE_EXTERN = NO;
				GCC_WARN_64_TO_32_BIT_CONVERSION = YES;
				GCC_WARN_ABOUT_RETURN_TYPE = YES_ERROR;
				GCC_WARN_UNDECLARED_SELECTOR = YES;
				GCC_WARN_UNINITIALIZED_AUTOS = YES_AGGRESSIVE;
				GCC_WARN_UNUSED_FUNCTION = YES;
				GCC_WARN_UNUSED_VARIABLE = YES;
				IPHONEOS_DEPLOYMENT_TARGET = 8.1;
				MTL_ENABLE_DEBUG_INFO = YES;
				ONLY_ACTIVE_ARCH = YES;
				SDKROOT = iphoneos;
				SWIFT_OPTIMIZATION_LEVEL = "-Onone";
			};
			name = Debug;
		};
		2047ED2C1AC8A35A00B480B2 /* Release */ = {
			isa = XCBuildConfiguration;
			buildSettings = {
				ALWAYS_SEARCH_USER_PATHS = NO;
				CLANG_CXX_LANGUAGE_STANDARD = "gnu++0x";
				CLANG_CXX_LIBRARY = "libc++";
				CLANG_ENABLE_MODULES = YES;
				CLANG_ENABLE_OBJC_ARC = YES;
				CLANG_WARN_BOOL_CONVERSION = YES;
				CLANG_WARN_CONSTANT_CONVERSION = YES;
				CLANG_WARN_DIRECT_OBJC_ISA_USAGE = YES_ERROR;
				CLANG_WARN_EMPTY_BODY = YES;
				CLANG_WARN_ENUM_CONVERSION = YES;
				CLANG_WARN_INT_CONVERSION = YES;
				CLANG_WARN_OBJC_ROOT_CLASS = YES_ERROR;
				CLANG_WARN_UNREACHABLE_CODE = YES;
				CLANG_WARN__DUPLICATE_METHOD_MATCH = YES;
				"CODE_SIGN_IDENTITY[sdk=iphoneos*]" = "iPhone Developer";
				COPY_PHASE_STRIP = YES;
				ENABLE_NS_ASSERTIONS = NO;
				ENABLE_STRICT_OBJC_MSGSEND = YES;
				GCC_C_LANGUAGE_STANDARD = gnu99;
				GCC_WARN_64_TO_32_BIT_CONVERSION = YES;
				GCC_WARN_ABOUT_RETURN_TYPE = YES_ERROR;
				GCC_WARN_UNDECLARED_SELECTOR = YES;
				GCC_WARN_UNINITIALIZED_AUTOS = YES_AGGRESSIVE;
				GCC_WARN_UNUSED_FUNCTION = YES;
				GCC_WARN_UNUSED_VARIABLE = YES;
				IPHONEOS_DEPLOYMENT_TARGET = 8.1;
				MTL_ENABLE_DEBUG_INFO = NO;
				SDKROOT = iphoneos;
				VALIDATE_PRODUCT = YES;
			};
			name = Release;
		};
		2047ED2E1AC8A35A00B480B2 /* Debug */ = {
			isa = XCBuildConfiguration;
			buildSettings = {
				ASSETCATALOG_COMPILER_APPICON_NAME = AppIcon;
				INFOPLIST_FILE = "Cat Years/Info.plist";
				LD_RUNPATH_SEARCH_PATHS = "$(inherited) @executable_path/Frameworks";
				PRODUCT_NAME = "$(TARGET_NAME)";
			};
			name = Debug;
		};
		2047ED2F1AC8A35A00B480B2 /* Release */ = {
			isa = XCBuildConfiguration;
			buildSettings = {
				ASSETCATALOG_COMPILER_APPICON_NAME = AppIcon;
				INFOPLIST_FILE = "Cat Years/Info.plist";
				LD_RUNPATH_SEARCH_PATHS = "$(inherited) @executable_path/Frameworks";
				PRODUCT_NAME = "$(TARGET_NAME)";
			};
			name = Release;
		};
		2047ED311AC8A35A00B480B2 /* Debug */ = {
			isa = XCBuildConfiguration;
			buildSettings = {
				BUNDLE_LOADER = "$(TEST_HOST)";
				FRAMEWORK_SEARCH_PATHS = (
					"$(SDKROOT)/Developer/Library/Frameworks",
					"$(inherited)",
				);
				GCC_PREPROCESSOR_DEFINITIONS = (
					"DEBUG=1",
					"$(inherited)",
				);
				INFOPLIST_FILE = "Cat YearsTests/Info.plist";
				LD_RUNPATH_SEARCH_PATHS = "$(inherited) @executable_path/Frameworks @loader_path/Frameworks";
				PRODUCT_NAME = "$(TARGET_NAME)";
				TEST_HOST = "$(BUILT_PRODUCTS_DIR)/Cat Years.app/Cat Years";
			};
			name = Debug;
		};
		2047ED321AC8A35A00B480B2 /* Release */ = {
			isa = XCBuildConfiguration;
			buildSettings = {
				BUNDLE_LOADER = "$(TEST_HOST)";
				FRAMEWORK_SEARCH_PATHS = (
					"$(SDKROOT)/Developer/Library/Frameworks",
					"$(inherited)",
				);
				INFOPLIST_FILE = "Cat YearsTests/Info.plist";
				LD_RUNPATH_SEARCH_PATHS = "$(inherited) @executable_path/Frameworks @loader_path/Frameworks";
				PRODUCT_NAME = "$(TARGET_NAME)";
				TEST_HOST = "$(BUILT_PRODUCTS_DIR)/Cat Years.app/Cat Years";
			};
			name = Release;
		};
/* End XCBuildConfiguration section */

/* Begin XCConfigurationList section */
		2047ED091AC8A35A00B480B2 /* Build configuration list for PBXProject "Cat Years" */ = {
			isa = XCConfigurationList;
			buildConfigurations = (
				2047ED2B1AC8A35A00B480B2 /* Debug */,
				2047ED2C1AC8A35A00B480B2 /* Release */,
			);
			defaultConfigurationIsVisible = 0;
			defaultConfigurationName = Release;
		};
		2047ED2D1AC8A35A00B480B2 /* Build configuration list for PBXNativeTarget "Cat Years" */ = {
			isa = XCConfigurationList;
			buildConfigurations = (
				2047ED2E1AC8A35A00B480B2 /* Debug */,
				2047ED2F1AC8A35A00B480B2 /* Release */,
			);
			defaultConfigurationIsVisible = 0;
		};
		2047ED301AC8A35A00B480B2 /* Build configuration list for PBXNativeTarget "Cat YearsTests" */ = {
			isa = XCConfigurationList;
			buildConfigurations = (
				2047ED311AC8A35A00B480B2 /* Debug */,
				2047ED321AC8A35A00B480B2 /* Release */,
			);
			defaultConfigurationIsVisible = 0;
		};
/* End XCConfigurationList section */
	};
	rootObject = 2047ED061AC8A35A00B480B2 /* Project object */;
}
